github.com/donnie4w/gofer v0.1.4 h1:f/t6aliTuj3xcQmB34Md2FWGja0hOrl1hUkj6uHYdjE=
github.com/donnie4w/gofer v0.1.4/go.mod h1:7oPFMllR1W+dgllAdxvc2D6lJEE2fKNzEwA5OISuDWY=
github.com/donnie4w/gothrift v0.0.2 h1:pi6vI6OJyWQRfitDJ5bgwq/OiC4LZHiIZ0CJNYsFmDk=
github.com/donnie4w/gothrift v0.0.2/go.mod h1:Uc0QnOpnPQy7TT2yFi1EZPi09gLPClsoh5hVOndJ4l0=
github.com/donnie4w/simplelog v0.1.0 h1:PTypt/8KA3R4l6kER8GXpIgHHzc4bej+dS/VPeU9t7c=
github.com/donnie4w/simplelog v0.1.0/go.mod h1:XKi/A9KJazQQywhhlmHC4qphanTeIi6cowENcaBXyfo=
github.com/golang/snappy v0.0.4 h1:yAGX7huGHXlcLOEtBnF4w7FQwA26wojNCwOYAEhLjQM=
github.com/golang/snappy v0.0.4/go.mod h1:/XxbfmMg8lxefKM7IXC3fBNl/7bRcc72aCRzEWrmP2Q=
github.com/google/btree v1.1.3 h1:CVpQJjYgC4VbzxeGVHfvZrv1ctoYCAI8vbl07Fcxlyg=
github.com/google/btree v1.1.3/go.mod h1:qOPhT0dTNdNzV6Z/lhRX0YXUafgPLFUh+gZMl761Gm4=
golang.org/x/exp v0.0.0-20240909161429-701f63a606c0 h1:e66Fs6Z+fZTbFBAxKfP3PALWBtpfqks2bwGcexMxgtk=
golang.org/x/exp v0.0.0-20240909161429-701f63a606c0/go.mod h1:2TbTHSBQa924w8M6Xs1QcRcFwyucIwBGpK1p2f1YFFY=
